github.com/lib/pq v1.9.0 h1:L8nSXQQzAYByakOFMTwpjRoHsMJklur4Gi59b6VivR8=
github.com/lib/pq v1.9.0/go.mod h1:AlVN5x4E4T544tWzH6hKfbfQvm3HdbOxrmggDNAPY9o=
github.com/prprprus/scheduler v0.5.0 h1:qaoFrate6FQE7dn1Pk5MLDBfgDR/blhLVz750w/0mns=
github.com/prprprus/scheduler v0.5.0/go.mod h1:LwnU3hBMPZe/ADmvPo82eZakSZe3dqiCyzMvYDSTI4o=
